// !$*UTF8*$!
{
	archiveVersion = 1;
	classes = {
	};
	objectVersion = 48;
	objects = {

/* Begin PBXBuildFile section */
		3139ED1B2254358200682179 /* Char.swift in Sources */ = {isa = PBXBuildFile; fileRef = 3139ED1A2254358200682179 /* Char.swift */; };
		3139ED1D2254359A00682179 /* CharacterStore.swift in Sources */ = {isa = PBXBuildFile; fileRef = 3139ED1C2254359A00682179 /* CharacterStore.swift */; };
		31F099E722542DF100E04F1E /* AppDelegate.swift in Sources */ = {isa = PBXBuildFile; fileRef = 31F099E622542DF100E04F1E /* AppDelegate.swift */; };
		31F099E922542DF100E04F1E /* TranslationViewController.swift in Sources */ = {isa = PBXBuildFile; fileRef = 31F099E822542DF100E04F1E /* TranslationViewController.swift */; };
		31F099EC22542DF100E04F1E /* Main.storyboard in Resources */ = {isa = PBXBuildFile; fileRef = 31F099EA22542DF100E04F1E /* Main.storyboard */; };
		31F099EE22542DF100E04F1E /* Assets.xcassets in Resources */ = {isa = PBXBuildFile; fileRef = 31F099ED22542DF100E04F1E /* Assets.xcassets */; };
		31F099F122542DF100E04F1E /* LaunchScreen.storyboard in Resources */ = {isa = PBXBuildFile; fileRef = 31F099EF22542DF100E04F1E /* LaunchScreen.storyboard */; };
		31F099FC22542DF100E04F1E /* Chinese_StudyTests.swift in Sources */ = {isa = PBXBuildFile; fileRef = 31F099FB22542DF100E04F1E /* Chinese_StudyTests.swift */; };
		31F09A0722542DF200E04F1E /* Chinese_StudyUITests.swift in Sources */ = {isa = PBXBuildFile; fileRef = 31F09A0622542DF200E04F1E /* Chinese_StudyUITests.swift */; };
		31F09A1522542F2500E04F1E /* CharactersCollectionViewController.swift in Sources */ = {isa = PBXBuildFile; fileRef = 31F09A1422542F2500E04F1E /* CharactersCollectionViewController.swift */; };
		31F09A1722542FD400E04F1E /* CharacterCell.swift in Sources */ = {isa = PBXBuildFile; fileRef = 31F09A1622542FD400E04F1E /* CharacterCell.swift */; };
/* End PBXBuildFile section */

/* Begin PBXContainerItemProxy section */
		31F099F822542DF100E04F1E /* PBXContainerItemProxy */ = {
			isa = PBXContainerItemProxy;
			containerPortal = 31F099DB22542DF100E04F1E /* Project object */;
			proxyType = 1;
			remoteGlobalIDString = 31F099E222542DF100E04F1E;
			remoteInfo = "Chinese Study";
		};
		31F09A0322542DF200E04F1E /* PBXContainerItemProxy */ = {
			isa = PBXContainerItemProxy;
			containerPortal = 31F099DB22542DF100E04F1E /* Project object */;
			proxyType = 1;
			remoteGlobalIDString = 31F099E222542DF100E04F1E;
			remoteInfo = "Chinese Study";
		};
/* End PBXContainerItemProxy section */

/* Begin PBXFileReference section */
		3139ED1A2254358200682179 /* Char.swift */ = {isa = PBXFileReference; lastKnownFileType = sourcecode.swift; path = Char.swift; sourceTree = "<group>"; };
		3139ED1C2254359A00682179 /* CharacterStore.swift */ = {isa = PBXFileReference; lastKnownFileType = sourcecode.swift; path = CharacterStore.swift; sourceTree = "<group>"; };
		31F099E322542DF100E04F1E /* Chinese Study.app */ = {isa = PBXFileReference; explicitFileType = wrapper.application; includeInIndex = 0; path = "Chinese Study.app"; sourceTree = BUILT_PRODUCTS_DIR; };
		31F099E622542DF100E04F1E /* AppDelegate.swift */ = {isa = PBXFileReference; lastKnownFileType = sourcecode.swift; path = AppDelegate.swift; sourceTree = "<group>"; };
		31F099E822542DF100E04F1E /* TranslationViewController.swift */ = {isa = PBXFileReference; lastKnownFileType = sourcecode.swift; path = TranslationViewController.swift; sourceTree = "<group>"; };
		31F099EB22542DF100E04F1E /* Base */ = {isa = PBXFileReference; lastKnownFileType = file.storyboard; name = Base; path = Base.lproj/Main.storyboard; sourceTree = "<group>"; };
		31F099ED22542DF100E04F1E /* Assets.xcassets */ = {isa = PBXFileReference; lastKnownFileType = folder.assetcatalog; path = Assets.xcassets; sourceTree = "<group>"; };
		31F099F022542DF100E04F1E /* Base */ = {isa = PBXFileReference; lastKnownFileType = file.storyboard; name = Base; path = Base.lproj/LaunchScreen.storyboard; sourceTree = "<group>"; };
		31F099F222542DF100E04F1E /* Info.plist */ = {isa = PBXFileReference; lastKnownFileType = text.plist.xml; path = Info.plist; sourceTree = "<group>"; };
		31F099F722542DF100E04F1E /* Chinese StudyTests.xctest */ = {isa = PBXFileReference; explicitFileType = wrapper.cfbundle; includeInIndex = 0; path = "Chinese StudyTests.xctest"; sourceTree = BUILT_PRODUCTS_DIR; };
		31F099FB22542DF100E04F1E /* Chinese_StudyTests.swift */ = {isa = PBXFileReference; lastKnownFileType = sourcecode.swift; path = Chinese_StudyTests.swift; sourceTree = "<group>"; };
		31F099FD22542DF100E04F1E /* Info.plist */ = {isa = PBXFileReference; lastKnownFileType = text.plist.xml; path = Info.plist; sourceTree = "<group>"; };
		31F09A0222542DF100E04F1E /* Chinese StudyUITests.xctest */ = {isa = PBXFileReference; explicitFileType = wrapper.cfbundle; includeInIndex = 0; path = "Chinese StudyUITests.xctest"; sourceTree = BUILT_PRODUCTS_DIR; };
		31F09A0622542DF200E04F1E /* Chinese_StudyUITests.swift */ = {isa = PBXFileReference; lastKnownFileType = sourcecode.swift; path = Chinese_StudyUITests.swift; sourceTree = "<group>"; };
		31F09A0822542DF200E04F1E /* Info.plist */ = {isa = PBXFileReference; lastKnownFileType = text.plist.xml; path = Info.plist; sourceTree = "<group>"; };
		31F09A1422542F2500E04F1E /* CharactersCollectionViewController.swift */ = {isa = PBXFileReference; lastKnownFileType = sourcecode.swift; path = CharactersCollectionViewController.swift; sourceTree = "<group>"; };
		31F09A1622542FD400E04F1E /* CharacterCell.swift */ = {isa = PBXFileReference; lastKnownFileType = sourcecode.swift; path = CharacterCell.swift; sourceTree = "<group>"; };
/* End PBXFileReference section */

/* Begin PBXFrameworksBuildPhase section */
		31F099E022542DF100E04F1E /* Frameworks */ = {
			isa = PBXFrameworksBuildPhase;
			buildActionMask = 2147483647;
			files = (
			);
			runOnlyForDeploymentPostprocessing = 0;
		};
		31F099F422542DF100E04F1E /* Frameworks */ = {
			isa = PBXFrameworksBuildPhase;
			buildActionMask = 2147483647;
			files = (
			);
			runOnlyForDeploymentPostprocessing = 0;
		};
		31F099FF22542DF100E04F1E /* Frameworks */ = {
			isa = PBXFrameworksBuildPhase;
			buildActionMask = 2147483647;
			files = (
			);
			runOnlyForDeploymentPostprocessing = 0;
		};
/* End PBXFrameworksBuildPhase section */

/* Begin PBXGroup section */
		31F099DA22542DF100E04F1E = {
			isa = PBXGroup;
			children = (
				31F099E522542DF100E04F1E /* Chinese Study */,
				31F099FA22542DF100E04F1E /* Chinese StudyTests */,
				31F09A0522542DF200E04F1E /* Chinese StudyUITests */,
				31F099E422542DF100E04F1E /* Products */,
			);
			sourceTree = "<group>";
		};
		31F099E422542DF100E04F1E /* Products */ = {
			isa = PBXGroup;
			children = (
				31F099E322542DF100E04F1E /* Chinese Study.app */,
				31F099F722542DF100E04F1E /* Chinese StudyTests.xctest */,
				31F09A0222542DF100E04F1E /* Chinese StudyUITests.xctest */,
			);
			name = Products;
			sourceTree = "<group>";
		};
		31F099E522542DF100E04F1E /* Chinese Study */ = {
			isa = PBXGroup;
			children = (
				31F099E622542DF100E04F1E /* AppDelegate.swift */,
				31F099E822542DF100E04F1E /* TranslationViewController.swift */,
				31F099EA22542DF100E04F1E /* Main.storyboard */,
				31F09A1422542F2500E04F1E /* CharactersCollectionViewController.swift */,
				31F09A1622542FD400E04F1E /* CharacterCell.swift */,
				3139ED1A2254358200682179 /* Char.swift */,
				3139ED1C2254359A00682179 /* CharacterStore.swift */,
				31F099ED22542DF100E04F1E /* Assets.xcassets */,
				31F099EF22542DF100E04F1E /* LaunchScreen.storyboard */,
				31F099F222542DF100E04F1E /* Info.plist */,
			);
			path = "Chinese Study";
			sourceTree = "<group>";
		};
		31F099FA22542DF100E04F1E /* Chinese StudyTests */ = {
			isa = PBXGroup;
			children = (
				31F099FB22542DF100E04F1E /* Chinese_StudyTests.swift */,
				31F099FD22542DF100E04F1E /* Info.plist */,
			);
			path = "Chinese StudyTests";
			sourceTree = "<group>";
		};
		31F09A0522542DF200E04F1E /* Chinese StudyUITests */ = {
			isa = PBXGroup;
			children = (
				31F09A0622542DF200E04F1E /* Chinese_StudyUITests.swift */,
				31F09A0822542DF200E04F1E /* Info.plist */,
			);
			path = "Chinese StudyUITests";
			sourceTree = "<group>";
		};
/* End PBXGroup section */

/* Begin PBXNativeTarget section */
		31F099E222542DF100E04F1E /* Chinese Study */ = {
			isa = PBXNativeTarget;
			buildConfigurationList = 31F09A0B22542DF200E04F1E /* Build configuration list for PBXNativeTarget "Chinese Study" */;
			buildPhases = (
				31F099DF22542DF100E04F1E /* Sources */,
				31F099E022542DF100E04F1E /* Frameworks */,
				31F099E122542DF100E04F1E /* Resources */,
			);
			buildRules = (
			);
			dependencies = (
			);
			name = "Chinese Study";
			productName = "Chinese Study";
			productReference = 31F099E322542DF100E04F1E /* Chinese Study.app */;
			productType = "com.apple.product-type.application";
		};
		31F099F622542DF100E04F1E /* Chinese StudyTests */ = {
			isa = PBXNativeTarget;
			buildConfigurationList = 31F09A0E22542DF200E04F1E /* Build configuration list for PBXNativeTarget "Chinese StudyTests" */;
			buildPhases = (
				31F099F322542DF100E04F1E /* Sources */,
				31F099F422542DF100E04F1E /* Frameworks */,
				31F099F522542DF100E04F1E /* Resources */,
			);
			buildRules = (
			);
			dependencies = (
				31F099F922542DF100E04F1E /* PBXTargetDependency */,
			);
			name = "Chinese StudyTests";
			productName = "Chinese StudyTests";
			productReference = 31F099F722542DF100E04F1E /* Chinese StudyTests.xctest */;
			productType = "com.apple.product-type.bundle.unit-test";
		};
		31F09A0122542DF100E04F1E /* Chinese StudyUITests */ = {
			isa = PBXNativeTarget;
			buildConfigurationList = 31F09A1122542DF200E04F1E /* Build configuration list for PBXNativeTarget "Chinese StudyUITests" */;
			buildPhases = (
				31F099FE22542DF100E04F1E /* Sources */,
				31F099FF22542DF100E04F1E /* Frameworks */,
				31F09A0022542DF100E04F1E /* Resources */,
			);
			buildRules = (
			);
			dependencies = (
				31F09A0422542DF200E04F1E /* PBXTargetDependency */,
			);
			name = "Chinese StudyUITests";
			productName = "Chinese StudyUITests";
			productReference = 31F09A0222542DF100E04F1E /* Chinese StudyUITests.xctest */;
			productType = "com.apple.product-type.bundle.ui-testing";
		};
/* End PBXNativeTarget section */

/* Begin PBXProject section */
		31F099DB22542DF100E04F1E /* Project object */ = {
			isa = PBXProject;
			attributes = {
				LastSwiftUpdateCheck = 0920;
				LastUpgradeCheck = 0920;
				ORGANIZATIONNAME = AJMac;
				TargetAttributes = {
					31F099E222542DF100E04F1E = {
						CreatedOnToolsVersion = 9.2;
						ProvisioningStyle = Automatic;
					};
					31F099F622542DF100E04F1E = {
						CreatedOnToolsVersion = 9.2;
						ProvisioningStyle = Automatic;
						TestTargetID = 31F099E222542DF100E04F1E;
					};
					31F09A0122542DF100E04F1E = {
						CreatedOnToolsVersion = 9.2;
						ProvisioningStyle = Automatic;
						TestTargetID = 31F099E222542DF100E04F1E;
					};
				};
			};
			buildConfigurationList = 31F099DE22542DF100E04F1E /* Build configuration list for PBXProject "Chinese Study" */;
			compatibilityVersion = "Xcode 8.0";
			developmentRegion = en;
			hasScannedForEncodings = 0;
			knownRegions = (
				en,
				Base,
			);
			mainGroup = 31F099DA22542DF100E04F1E;
			productRefGroup = 31F099E422542DF100E04F1E /* Products */;
			projectDirPath = "";
			projectRoot = "";
			targets = (
				31F099E222542DF100E04F1E /* Chinese Study */,
				31F099F622542DF100E04F1E /* Chinese StudyTests */,
				31F09A0122542DF100E04F1E /* Chinese StudyUITests */,
			);
		};
/* End PBXProject section */

/* Begin PBXResourcesBuildPhase section */
		31F099E122542DF100E04F1E /* Resources */ = {
			isa = PBXResourcesBuildPhase;
			buildActionMask = 2147483647;
			files = (
				31F099F122542DF100E04F1E /* LaunchScreen.storyboard in Resources */,
				31F099EE22542DF100E04F1E /* Assets.xcassets in Resources */,
				31F099EC22542DF100E04F1E /* Main.storyboard in Resources */,
			);
			runOnlyForDeploymentPostprocessing = 0;
		};
		31F099F522542DF100E04F1E /* Resources */ = {
			isa = PBXResourcesBuildPhase;
			buildActionMask = 2147483647;
			files = (
			);
			runOnlyForDeploymentPostprocessing = 0;
		};
		31F09A0022542DF100E04F1E /* Resources */ = {
			isa = PBXResourcesBuildPhase;
			buildActionMask = 2147483647;
			files = (
			);
			runOnlyForDeploymentPostprocessing = 0;
		};
/* End PBXResourcesBuildPhase section */

/* Begin PBXSourcesBuildPhase section */
		31F099DF22542DF100E04F1E /* Sources */ = {
			isa = PBXSourcesBuildPhase;
			buildActionMask = 2147483647;
			files = (
				31F09A1522542F2500E04F1E /* CharactersCollectionViewController.swift in Sources */,
				3139ED1D2254359A00682179 /* CharacterStore.swift in Sources */,
				31F099E922542DF100E04F1E /* TranslationViewController.swift in Sources */,
				31F099E722542DF100E04F1E /* AppDelegate.swift in Sources */,
				3139ED1B2254358200682179 /* Char.swift in Sources */,
				31F09A1722542FD400E04F1E /* CharacterCell.swift in Sources */,
			);
			runOnlyForDeploymentPostprocessing = 0;
		};
		31F099F322542DF100E04F1E /* Sources */ = {
			isa = PBXSourcesBuildPhase;
			buildActionMask = 2147483647;
			files = (
				31F099FC22542DF100E04F1E /* Chinese_StudyTests.swift in Sources */,
			);
			runOnlyForDeploymentPostprocessing = 0;
		};
		31F099FE22542DF100E04F1E /* Sources */ = {
			isa = PBXSourcesBuildPhase;
			buildActionMask = 2147483647;
			files = (
				31F09A0722542DF200E04F1E /* Chinese_StudyUITests.swift in Sources */,
			);
			runOnlyForDeploymentPostprocessing = 0;
		};
/* End PBXSourcesBuildPhase section */

/* Begin PBXTargetDependency section */
		31F099F922542DF100E04F1E /* PBXTargetDependency */ = {
			isa = PBXTargetDependency;
			target = 31F099E222542DF100E04F1E /* Chinese Study */;
			targetProxy = 31F099F822542DF100E04F1E /* PBXContainerItemProxy */;
		};
		31F09A0422542DF200E04F1E /* PBXTargetDependency */ = {
			isa = PBXTargetDependency;
			target = 31F099E222542DF100E04F1E /* Chinese Study */;
			targetProxy = 31F09A0322542DF200E04F1E /* PBXContainerItemProxy */;
		};
/* End PBXTargetDependency section */

/* Begin PBXVariantGroup section */
		31F099EA22542DF100E04F1E /* Main.storyboard */ = {
			isa = PBXVariantGroup;
			children = (
				31F099EB22542DF100E04F1E /* Base */,
			);
			name = Main.storyboard;
			sourceTree = "<group>";
		};
		31F099EF22542DF100E04F1E /* LaunchScreen.storyboard */ = {
			isa = PBXVariantGroup;
			children = (
				31F099F022542DF100E04F1E /* Base */,
			);
			name = LaunchScreen.storyboard;
			sourceTree = "<group>";
		};
/* End PBXVariantGroup section */

/* Begin XCBuildConfiguration section */
		31F09A0922542DF200E04F1E /* Debug */ = {
			isa = XCBuildConfiguration;
			buildSettings = {
				ALWAYS_SEARCH_USER_PATHS = NO;
				CLANG_ANALYZER_NONNULL = YES;
				CLANG_ANALYZER_NUMBER_OBJECT_CONVERSION = YES_AGGRESSIVE;
				CLANG_CXX_LANGUAGE_STANDARD = "gnu++14";
				CLANG_CXX_LIBRARY = "libc++";
				CLANG_ENABLE_MODULES = YES;
				CLANG_ENABLE_OBJC_ARC = YES;
				CLANG_WARN_BLOCK_CAPTURE_AUTORELEASING = YES;
				CLANG_WARN_BOOL_CONVERSION = YES;
				CLANG_WARN_COMMA = YES;
				CLANG_WARN_CONSTANT_CONVERSION = YES;
				CLANG_WARN_DIRECT_OBJC_ISA_USAGE = YES_ERROR;
				CLANG_WARN_DOCUMENTATION_COMMENTS = YES;
				CLANG_WARN_EMPTY_BODY = YES;
				CLANG_WARN_ENUM_CONVERSION = YES;
				CLANG_WARN_INFINITE_RECURSION = YES;
				CLANG_WARN_INT_CONVERSION = YES;
				CLANG_WARN_NON_LITERAL_NULL_CONVERSION = YES;
				CLANG_WARN_OBJC_LITERAL_CONVERSION = YES;
				CLANG_WARN_OBJC_ROOT_CLASS = YES_ERROR;
				CLANG_WARN_RANGE_LOOP_ANALYSIS = YES;
				CLANG_WARN_STRICT_PROTOTYPES = YES;
				CLANG_WARN_SUSPICIOUS_MOVE = YES;
				CLANG_WARN_UNGUARDED_AVAILABILITY = YES_AGGRESSIVE;
				CLANG_WARN_UNREACHABLE_CODE = YES;
				CLANG_WARN__DUPLICATE_METHOD_MATCH = YES;
				CODE_SIGN_IDENTITY = "iPhone Developer";
				COPY_PHASE_STRIP = NO;
				DEBUG_INFORMATION_FORMAT = dwarf;
				ENABLE_STRICT_OBJC_MSGSEND = YES;
				ENABLE_TESTABILITY = YES;
				GCC_C_LANGUAGE_STANDARD = gnu11;
				GCC_DYNAMIC_NO_PIC = NO;
				GCC_NO_COMMON_BLOCKS = YES;
				GCC_OPTIMIZATION_LEVEL = 0;
				GCC_PREPROCESSOR_DEFINITIONS = (
					"DEBUG=1",
					"$(inherited)",
				);
				GCC_WARN_64_TO_32_BIT_CONVERSION = YES;
				GCC_WARN_ABOUT_RETURN_TYPE = YES_ERROR;
				GCC_WARN_UNDECLARED_SELECTOR = YES;
				GCC_WARN_UNINITIALIZED_AUTOS = YES_AGGRESSIVE;
				GCC_WARN_UNUSED_FUNCTION = YES;
				GCC_WARN_UNUSED_VARIABLE = YES;
				IPHONEOS_DEPLOYMENT_TARGET = 11.2;
				MTL_ENABLE_DEBUG_INFO = YES;
				ONLY_ACTIVE_ARCH = YES;
				SDKROOT = iphoneos;
				SWIFT_ACTIVE_COMPILATION_CONDITIONS = DEBUG;
				SWIFT_OPTIMIZATION_LEVEL = "-Onone";
			};
			name = Debug;
		};
		31F09A0A22542DF200E04F1E /* Release */ = {
			isa = XCBuildConfiguration;
			buildSettings = {
				ALWAYS_SEARCH_USER_PATHS = NO;
				CLANG_ANALYZER_NONNULL = YES;
				CLANG_ANALYZER_NUMBER_OBJECT_CONVERSION = YES_AGGRESSIVE;
				CLANG_CXX_LANGUAGE_STANDARD = "gnu++14";
				CLANG_CXX_LIBRARY = "libc++";
				CLANG_ENABLE_MODULES = YES;
				CLANG_ENABLE_OBJC_ARC = YES;
				CLANG_WARN_BLOCK_CAPTURE_AUTORELEASING = YES;
				CLANG_WARN_BOOL_CONVERSION = YES;
				CLANG_WARN_COMMA = YES;
				CLANG_WARN_CONSTANT_CONVERSION = YES;
				CLANG_WARN_DIRECT_OBJC_ISA_USAGE = YES_ERROR;
				CLANG_WARN_DOCUMENTATION_COMMENTS = YES;
				CLANG_WARN_EMPTY_BODY = YES;
				CLANG_WARN_ENUM_CONVERSION = YES;
				CLANG_WARN_INFINITE_RECURSION = YES;
				CLANG_WARN_INT_CONVERSION = YES;
				CLANG_WARN_NON_LITERAL_NULL_CONVERSION = YES;
				CLANG_WARN_OBJC_LITERAL_CONVERSION = YES;
				CLANG_WARN_OBJC_ROOT_CLASS = YES_ERROR;
				CLANG_WARN_RANGE_LOOP_ANALYSIS = YES;
				CLANG_WARN_STRICT_PROTOTYPES = YES;
				CLANG_WARN_SUSPICIOUS_MOVE = YES;
				CLANG_WARN_UNGUARDED_AVAILABILITY = YES_AGGRESSIVE;
				CLANG_WARN_UNREACHABLE_CODE = YES;
				CLANG_WARN__DUPLICATE_METHOD_MATCH = YES;
				CODE_SIGN_IDENTITY = "iPhone Developer";
				COPY_PHASE_STRIP = NO;
				DEBUG_INFORMATION_FORMAT = "dwarf-with-dsym";
				ENABLE_NS_ASSERTIONS = NO;
				ENABLE_STRICT_OBJC_MSGSEND = YES;
				GCC_C_LANGUAGE_STANDARD = gnu11;
				GCC_NO_COMMON_BLOCKS = YES;
				GCC_WARN_64_TO_32_BIT_CONVERSION = YES;
				GCC_WARN_ABOUT_RETURN_TYPE = YES_ERROR;
				GCC_WARN_UNDECLARED_SELECTOR = YES;
				GCC_WARN_UNINITIALIZED_AUTOS = YES_AGGRESSIVE;
				GCC_WARN_UNUSED_FUNCTION = YES;
				GCC_WARN_UNUSED_VARIABLE = YES;
				IPHONEOS_DEPLOYMENT_TARGET = 11.2;
				MTL_ENABLE_DEBUG_INFO = NO;
				SDKROOT = iphoneos;
				SWIFT_OPTIMIZATION_LEVEL = "-Owholemodule";
				VALIDATE_PRODUCT = YES;
			};
			name = Release;
		};
		31F09A0C22542DF200E04F1E /* Debug */ = {
			isa = XCBuildConfiguration;
			buildSettings = {
				ASSETCATALOG_COMPILER_APPICON_NAME = AppIcon;
				CODE_SIGN_STYLE = Automatic;
				INFOPLIST_FILE = "Chinese Study/Info.plist";
				LD_RUNPATH_SEARCH_PATHS = "$(inherited) @executable_path/Frameworks";
				PRODUCT_BUNDLE_IDENTIFIER = "com.ajmac.Chinese-Study";
				PRODUCT_NAME = "$(TARGET_NAME)";
				SWIFT_VERSION = 4.0;
				TARGETED_DEVICE_FAMILY = "1,2";
			};
			name = Debug;
		};
		31F09A0D22542DF200E04F1E /* Release */ = {
			isa = XCBuildConfiguration;
			buildSettings = {
				ASSETCATALOG_COMPILER_APPICON_NAME = AppIcon;
				CODE_SIGN_STYLE = Automatic;
				INFOPLIST_FILE = "Chinese Study/Info.plist";
				LD_RUNPATH_SEARCH_PATHS = "$(inherited) @executable_path/Frameworks";
				PRODUCT_BUNDLE_IDENTIFIER = "com.ajmac.Chinese-Study";
				PRODUCT_NAME = "$(TARGET_NAME)";
				SWIFT_VERSION = 4.0;
				TARGETED_DEVICE_FAMILY = "1,2";
			};
			name = Release;
		};
		31F09A0F22542DF200E04F1E /* Debug */ = {
			isa = XCBuildConfiguration;
			buildSettings = {
				ALWAYS_EMBED_SWIFT_STANDARD_LIBRARIES = YES;
				BUNDLE_LOADER = "$(TEST_HOST)";
				CODE_SIGN_STYLE = Automatic;
				INFOPLIST_FILE = "Chinese StudyTests/Info.plist";
				LD_RUNPATH_SEARCH_PATHS = "$(inherited) @executable_path/Frameworks @loader_path/Frameworks";
				PRODUCT_BUNDLE_IDENTIFIER = "com.ajmac.Chinese-StudyTests";
				PRODUCT_NAME = "$(TARGET_NAME)";
				SWIFT_VERSION = 4.0;
				TARGETED_DEVICE_FAMILY = "1,2";
				TEST_HOST = "$(BUILT_PRODUCTS_DIR)/Chinese Study.app/Chinese Study";
			};
			name = Debug;
		};
		31F09A1022542DF200E04F1E /* Release */ = {
			isa = XCBuildConfiguration;
			buildSettings = {
				ALWAYS_EMBED_SWIFT_STANDARD_LIBRARIES = YES;
				BUNDLE_LOADER = "$(TEST_HOST)";
				CODE_SIGN_STYLE = Automatic;
				INFOPLIST_FILE = "Chinese StudyTests/Info.plist";
				LD_RUNPATH_SEARCH_PATHS = "$(inherited) @executable_path/Frameworks @loader_path/Frameworks";
				PRODUCT_BUNDLE_IDENTIFIER = "com.ajmac.Chinese-StudyTests";
				PRODUCT_NAME = "$(TARGET_NAME)";
				SWIFT_VERSION = 4.0;
				TARGETED_DEVICE_FAMILY = "1,2";
				TEST_HOST = "$(BUILT_PRODUCTS_DIR)/Chinese Study.app/Chinese Study";
			};
			name = Release;
		};
		31F09A1222542DF200E04F1E /* Debug */ = {
			isa = XCBuildConfiguration;
			buildSettings = {
				ALWAYS_EMBED_SWIFT_STANDARD_LIBRARIES = YES;
				CODE_SIGN_STYLE = Automatic;
				INFOPLIST_FILE = "Chinese StudyUITests/Info.plist";
				LD_RUNPATH_SEARCH_PATHS = "$(inherited) @executable_path/Frameworks @loader_path/Frameworks";
				PRODUCT_BUNDLE_IDENTIFIER = "com.ajmac.Chinese-StudyUITests";
				PRODUCT_NAME = "$(TARGET_NAME)";
				SWIFT_VERSION = 4.0;
				TARGETED_DEVICE_FAMILY = "1,2";
				TEST_TARGET_NAME = "Chinese Study";
			};
			name = Debug;
		};
		31F09A1322542DF200E04F1E /* Release */ = {
			isa = XCBuildConfiguration;
			buildSettings = {
				ALWAYS_EMBED_SWIFT_STANDARD_LIBRARIES = YES;
				CODE_SIGN_STYLE = Automatic;
				INFOPLIST_FILE = "Chinese StudyUITests/Info.plist";
				LD_RUNPATH_SEARCH_PATHS = "$(inherited) @executable_path/Frameworks @loader_path/Frameworks";
				PRODUCT_BUNDLE_IDENTIFIER = "com.ajmac.Chinese-StudyUITests";
				PRODUCT_NAME = "$(TARGET_NAME)";
				SWIFT_VERSION = 4.0;
				TARGETED_DEVICE_FAMILY = "1,2";
				TEST_TARGET_NAME = "Chinese Study";
			};
			name = Release;
		};
/* End XCBuildConfiguration section */

/* Begin XCConfigurationList section */
		31F099DE22542DF100E04F1E /* Build configuration list for PBXProject "Chinese Study" */ = {
			isa = XCConfigurationList;
			buildConfigurations = (
				31F09A0922542DF200E04F1E /* Debug */,
				31F09A0A22542DF200E04F1E /* Release */,
			);
			defaultConfigurationIsVisible = 0;
			defaultConfigurationName = Release;
		};
		31F09A0B22542DF200E04F1E /* Build configuration list for PBXNativeTarget "Chinese Study" */ = {
			isa = XCConfigurationList;
			buildConfigurations = (
				31F09A0C22542DF200E04F1E /* Debug */,
				31F09A0D22542DF200E04F1E /* Release */,
			);
			defaultConfigurationIsVisible = 0;
			defaultConfigurationName = Release;
		};
		31F09A0E22542DF200E04F1E /* Build configuration list for PBXNativeTarget "Chinese StudyTests" */ = {
			isa = XCConfigurationList;
			buildConfigurations = (
				31F09A0F22542DF200E04F1E /* Debug */,
				31F09A1022542DF200E04F1E /* Release */,
			);
			defaultConfigurationIsVisible = 0;
			defaultConfigurationName = Release;
		};
		31F09A1122542DF200E04F1E /* Build configuration list for PBXNativeTarget "Chinese StudyUITests" */ = {
			isa = XCConfigurationList;
			buildConfigurations = (
				31F09A1222542DF200E04F1E /* Debug */,
				31F09A1322542DF200E04F1E /* Release */,
			);
			defaultConfigurationIsVisible = 0;
			defaultConfigurationName = Release;
		};
/* End XCConfigurationList section */
	};
	rootObject = 31F099DB22542DF100E04F1E /* Project object */;
}
